
Microsoft Visual Studio Solution File, Format Version 12.00
# Visual Studio Version 17
VisualStudioVersion = 17.0.31903.59
MinimumVisualStudioVersion = 10.0.40219.1
Project("{2150E333-8FDC-42A3-9474-1A3956D46DE8}") = "src", "src", "{827E0CD3-B72D-47B6-A68D-7590B98EB39B}"
EndProject
Project("{FAE04EC0-301F-11D3-BF4B-00C04F79EFBC}") = "WpfDevTools.Mcp.Server", "src\WpfDevTools.Mcp.Server\WpfDevTools.Mcp.Server.csproj", "{8D569F07-8AA4-4B42-AE41-5B7E44EF55E5}"
EndProject
Project("{FAE04EC0-301F-11D3-BF4B-00C04F79EFBC}") = "WpfDevTools.Inspector", "src\WpfDevTools.Inspector\WpfDevTools.Inspector.csproj", "{8403DF66-8A53-4369-AD70-6AAAFEDCF143}"
EndProject
Project("{FAE04EC0-301F-11D3-BF4B-00C04F79EFBC}") = "WpfDevTools.Injector", "src\WpfDevTools.Injector\WpfDevTools.Injector.csproj", "{8A0207DE-7E6F-4A0D-9249-F5D5E64E0E28}"
EndProject
Project("{FAE04EC0-301F-11D3-BF4B-00C04F79EFBC}") = "WpfDevTools.Shared", "src\WpfDevTools.Shared\WpfDevTools.Shared.csproj", "{F913AF1F-5416-4950-8860-482E49D4F62B}"
EndProject
Project("{2150E333-8FDC-42A3-9474-1A3956D46DE8}") = "tests", "tests", "{0AB3BF05-4346-4AA6-1389-037BE0695223}"
EndProject
Project("{FAE04EC0-301F-11D3-BF4B-00C04F79EFBC}") = "WpfDevTools.Tests.Unit", "tests\WpfDevTools.Tests.Unit\WpfDevTools.Tests.Unit.csproj", "{6F8E9CA1-48AD-425A-9F72-4FE3A95C8480}"
EndProject
Project("{FAE04EC0-301F-11D3-BF4B-00C04F79EFBC}") = "WpfDevTools.Tests.Integration", "tests\WpfDevTools.Tests.Integration\WpfDevTools.Tests.Integration.csproj", "{A9773C6B-53A4-4EDD-818E-EBF5C97DCBFD}"
EndProject
Project("{FAE04EC0-301F-11D3-BF4B-00C04F79EFBC}") = "WpfDevTools.Tests.TestApp", "tests\WpfDevTools.Tests.TestApp\WpfDevTools.Tests.TestApp.csproj", "{9AEBCFB4-82E4-469F-96D2-C16D2B6B4775}"
EndProject
Project("{FAE04EC0-301F-11D3-BF4B-00C04F79EFBC}") = "WpfDevTools.Inspector.Sdk", "src\WpfDevTools.Inspector.Sdk\WpfDevTools.Inspector.Sdk.csproj", "{5F032B23-DB7B-4A43-9293-C1365A942F37}"
EndProject
Project("{FAE04EC0-301F-11D3-BF4B-00C04F79EFBC}") = "WpfDevTools.Tests.Unit.Release", "tests\WpfDevTools.Tests.Unit.Release\WpfDevTools.Tests.Unit.Release.csproj", "{B423B5DF-9A41-4F66-A24C-1551497A149C}"
EndProject
Project("{FAE04EC0-301F-11D3-BF4B-00C04F79EFBC}") = "WpfDevTools.Tests.TlsNegotiationHarness", "tests\WpfDevTools.Tests.TlsNegotiationHarness\WpfDevTools.Tests.TlsNegotiationHarness.csproj", "{A6C1DBD0-B30C-420C-8A2D-5934EB7793E1}"
EndProject
Global
	GlobalSection(SolutionConfigurationPlatforms) = preSolution
		Debug|Any CPU = Debug|Any CPU
		Debug|ARM64 = Debug|ARM64
		Debug|x64 = Debug|x64
		Debug|x86 = Debug|x86
		Release|Any CPU = Release|Any CPU
		Release|ARM64 = Release|ARM64
		Release|x64 = Release|x64
		Release|x86 = Release|x86
	EndGlobalSection
	GlobalSection(ProjectConfigurationPlatforms) = postSolution
		{8D569F07-8AA4-4B42-AE41-5B7E44EF55E5}.Debug|Any CPU.ActiveCfg = Debug|Any CPU
		{8D569F07-8AA4-4B42-AE41-5B7E44EF55E5}.Debug|Any CPU.Build.0 = Debug|Any CPU
		{8D569F07-8AA4-4B42-AE41-5B7E44EF55E5}.Debug|ARM64.ActiveCfg = Debug|Any CPU
		{8D569F07-8AA4-4B42-AE41-5B7E44EF55E5}.Debug|ARM64.Build.0 = Debug|Any CPU
		{8D569F07-8AA4-4B42-AE41-5B7E44EF55E5}.Debug|x64.ActiveCfg = Debug|Any CPU
		{8D569F07-8AA4-4B42-AE41-5B7E44EF55E5}.Debug|x64.Build.0 = Debug|Any CPU
		{8D569F07-8AA4-4B42-AE41-5B7E44EF55E5}.Debug|x86.ActiveCfg = Debug|Any CPU
		{8D569F07-8AA4-4B42-AE41-5B7E44EF55E5}.Debug|x86.Build.0 = Debug|Any CPU
		{8D569F07-8AA4-4B42-AE41-5B7E44EF55E5}.Release|Any CPU.ActiveCfg = Release|Any CPU
		{8D569F07-8AA4-4B42-AE41-5B7E44EF55E5}.Release|Any CPU.Build.0 = Release|Any CPU
		{8D569F07-8AA4-4B42-AE41-5B7E44EF55E5}.Release|ARM64.ActiveCfg = Release|Any CPU
		{8D569F07-8AA4-4B42-AE41-5B7E44EF55E5}.Release|ARM64.Build.0 = Release|Any CPU
		{8D569F07-8AA4-4B42-AE41-5B7E44EF55E5}.Release|x64.ActiveCfg = Release|Any CPU
		{8D569F07-8AA4-4B42-AE41-5B7E44EF55E5}.Release|x64.Build.0 = Release|Any CPU
		{8D569F07-8AA4-4B42-AE41-5B7E44EF55E5}.Release|x86.ActiveCfg = Release|Any CPU
		{8D569F07-8AA4-4B42-AE41-5B7E44EF55E5}.Release|x86.Build.0 = Release|Any CPU
		{8403DF66-8A53-4369-AD70-6AAAFEDCF143}.Debug|Any CPU.ActiveCfg = Debug|Any CPU
		{8403DF66-8A53-4369-AD70-6AAAFEDCF143}.Debug|Any CPU.Build.0 = Debug|Any CPU
		{8403DF66-8A53-4369-AD70-6AAAFEDCF143}.Debug|ARM64.ActiveCfg = Debug|Any CPU
		{8403DF66-8A53-4369-AD70-6AAAFEDCF143}.Debug|ARM64.Build.0 = Debug|Any CPU
		{8403DF66-8A53-4369-AD70-6AAAFEDCF143}.Debug|x64.ActiveCfg = Debug|Any CPU
		{8403DF66-8A53-4369-AD70-6AAAFEDCF143}.Debug|x64.Build.0 = Debug|Any CPU
		{8403DF66-8A53-4369-AD70-6AAAFEDCF143}.Debug|x86.ActiveCfg = Debug|Any CPU
		{8403DF66-8A53-4369-AD70-6AAAFEDCF143}.Debug|x86.Build.0 = Debug|Any CPU
		{8403DF66-8A53-4369-AD70-6AAAFEDCF143}.Release|Any CPU.ActiveCfg = Release|Any CPU
		{8403DF66-8A53-4369-AD70-6AAAFEDCF143}.Release|Any CPU.Build.0 = Release|Any CPU
		{8403DF66-8A53-4369-AD70-6AAAFEDCF143}.Release|ARM64.ActiveCfg = Release|Any CPU
		{8403DF66-8A53-4369-AD70-6AAAFEDCF143}.Release|ARM64.Build.0 = Release|Any CPU
		{8403DF66-8A53-4369-AD70-6AAAFEDCF143}.Release|x64.ActiveCfg = Release|Any CPU
		{8403DF66-8A53-4369-AD70-6AAAFEDCF143}.Release|x64.Build.0 = Release|Any CPU
		{8403DF66-8A53-4369-AD70-6AAAFEDCF143}.Release|x86.ActiveCfg = Release|Any CPU
		{8403DF66-8A53-4369-AD70-6AAAFEDCF143}.Release|x86.Build.0 = Release|Any CPU
		{8A0207DE-7E6F-4A0D-9249-F5D5E64E0E28}.Debug|Any CPU.ActiveCfg = Debug|Any CPU
		{8A0207DE-7E6F-4A0D-9249-F5D5E64E0E28}.Debug|Any CPU.Build.0 = Debug|Any CPU
		{8A0207DE-7E6F-4A0D-9249-F5D5E64E0E28}.Debug|ARM64.ActiveCfg = Debug|Any CPU
		{8A0207DE-7E6F-4A0D-9249-F5D5E64E0E28}.Debug|ARM64.Build.0 = Debug|Any CPU
		{8A0207DE-7E6F-4A0D-9249-F5D5E64E0E28}.Debug|x64.ActiveCfg = Debug|Any CPU
		{8A0207DE-7E6F-4A0D-9249-F5D5E64E0E28}.Debug|x64.Build.0 = Debug|Any CPU
		{8A0207DE-7E6F-4A0D-9249-F5D5E64E0E28}.Debug|x86.ActiveCfg = Debug|Any CPU
		{8A0207DE-7E6F-4A0D-9249-F5D5E64E0E28}.Debug|x86.Build.0 = Debug|Any CPU
		{8A0207DE-7E6F-4A0D-9249-F5D5E64E0E28}.Release|Any CPU.ActiveCfg = Release|Any CPU
		{8A0207DE-7E6F-4A0D-9249-F5D5E64E0E28}.Release|Any CPU.Build.0 = Release|Any CPU
		{8A0207DE-7E6F-4A0D-9249-F5D5E64E0E28}.Release|ARM64.ActiveCfg = Release|Any CPU
		{8A0207DE-7E6F-4A0D-9249-F5D5E64E0E28}.Release|ARM64.Build.0 = Release|Any CPU
		{8A0207DE-7E6F-4A0D-9249-F5D5E64E0E28}.Release|x64.ActiveCfg = Release|Any CPU
		{8A0207DE-7E6F-4A0D-9249-F5D5E64E0E28}.Release|x64.Build.0 = Release|Any CPU
		{8A0207DE-7E6F-4A0D-9249-F5D5E64E0E28}.Release|x86.ActiveCfg = Release|Any CPU
		{8A0207DE-7E6F-4A0D-9249-F5D5E64E0E28}.Release|x86.Build.0 = Release|Any CPU
		{F913AF1F-5416-4950-8860-482E49D4F62B}.Debug|Any CPU.ActiveCfg = Debug|Any CPU
		{F913AF1F-5416-4950-8860-482E49D4F62B}.Debug|Any CPU.Build.0 = Debug|Any CPU
		{F913AF1F-5416-4950-8860-482E49D4F62B}.Debug|ARM64.ActiveCfg = Debug|Any CPU
		{F913AF1F-5416-4950-8860-482E49D4F62B}.Debug|ARM64.Build.0 = Debug|Any CPU
		{F913AF1F-5416-4950-8860-482E49D4F62B}.Debug|x64.ActiveCfg = Debug|Any CPU
		{F913AF1F-5416-4950-8860-482E49D4F62B}.Debug|x64.Build.0 = Debug|Any CPU
		{F913AF1F-5416-4950-8860-482E49D4F62B}.Debug|x86.ActiveCfg = Debug|Any CPU
		{F913AF1F-5416-4950-8860-482E49D4F62B}.Debug|x86.Build.0 = Debug|Any CPU
		{F913AF1F-5416-4950-8860-482E49D4F62B}.Release|Any CPU.ActiveCfg = Release|Any CPU
		{F913AF1F-5416-4950-8860-482E49D4F62B}.Release|Any CPU.Build.0 = Release|Any CPU
		{F913AF1F-5416-4950-8860-482E49D4F62B}.Release|ARM64.ActiveCfg = Release|Any CPU
		{F913AF1F-5416-4950-8860-482E49D4F62B}.Release|ARM64.Build.0 = Release|Any CPU
		{F913AF1F-5416-4950-8860-482E49D4F62B}.Release|x64.ActiveCfg = Release|Any CPU
		{F913AF1F-5416-4950-8860-482E49D4F62B}.Release|x64.Build.0 = Release|Any CPU
		{F913AF1F-5416-4950-8860-482E49D4F62B}.Release|x86.ActiveCfg = Release|Any CPU
		{F913AF1F-5416-4950-8860-482E49D4F62B}.Release|x86.Build.0 = Release|Any CPU
		{6F8E9CA1-48AD-425A-9F72-4FE3A95C8480}.Debug|Any CPU.ActiveCfg = Debug|Any CPU
		{6F8E9CA1-48AD-425A-9F72-4FE3A95C8480}.Debug|Any CPU.Build.0 = Debug|Any CPU
		{6F8E9CA1-48AD-425A-9F72-4FE3A95C8480}.Debug|ARM64.ActiveCfg = Debug|Any CPU
		{6F8E9CA1-48AD-425A-9F72-4FE3A95C8480}.Debug|ARM64.Build.0 = Debug|Any CPU
		{6F8E9CA1-48AD-425A-9F72-4FE3A95C8480}.Debug|x64.ActiveCfg = Debug|Any CPU
		{6F8E9CA1-48AD-425A-9F72-4FE3A95C8480}.Debug|x64.Build.0 = Debug|Any CPU
		{6F8E9CA1-48AD-425A-9F72-4FE3A95C8480}.Debug|x86.ActiveCfg = Debug|Any CPU
		{6F8E9CA1-48AD-425A-9F72-4FE3A95C8480}.Debug|x86.Build.0 = Debug|Any CPU
		{6F8E9CA1-48AD-425A-9F72-4FE3A95C8480}.Release|Any CPU.ActiveCfg = Release|Any CPU
		{6F8E9CA1-48AD-425A-9F72-4FE3A95C8480}.Release|Any CPU.Build.0 = Release|Any CPU
		{6F8E9CA1-48AD-425A-9F72-4FE3A95C8480}.Release|ARM64.ActiveCfg = Release|Any CPU
		{6F8E9CA1-48AD-425A-9F72-4FE3A95C8480}.Release|ARM64.Build.0 = Release|Any CPU
		{6F8E9CA1-48AD-425A-9F72-4FE3A95C8480}.Release|x64.ActiveCfg = Release|Any CPU
		{6F8E9CA1-48AD-425A-9F72-4FE3A95C8480}.Release|x64.Build.0 = Release|Any CPU
		{6F8E9CA1-48AD-425A-9F72-4FE3A95C8480}.Release|x86.ActiveCfg = Release|Any CPU
		{6F8E9CA1-48AD-425A-9F72-4FE3A95C8480}.Release|x86.Build.0 = Release|Any CPU
		{A9773C6B-53A4-4EDD-818E-EBF5C97DCBFD}.Debug|Any CPU.ActiveCfg = Debug|Any CPU
		{A9773C6B-53A4-4EDD-818E-EBF5C97DCBFD}.Debug|Any CPU.Build.0 = Debug|Any CPU
		{A9773C6B-53A4-4EDD-818E-EBF5C97DCBFD}.Debug|ARM64.ActiveCfg = Debug|Any CPU
		{A9773C6B-53A4-4EDD-818E-EBF5C97DCBFD}.Debug|ARM64.Build.0 = Debug|Any CPU
		{A9773C6B-53A4-4EDD-818E-EBF5C97DCBFD}.Debug|x64.ActiveCfg = Debug|Any CPU
		{A9773C6B-53A4-4EDD-818E-EBF5C97DCBFD}.Debug|x64.Build.0 = Debug|Any CPU
		{A9773C6B-53A4-4EDD-818E-EBF5C97DCBFD}.Debug|x86.ActiveCfg = Debug|Any CPU
		{A9773C6B-53A4-4EDD-818E-EBF5C97DCBFD}.Debug|x86.Build.0 = Debug|Any CPU
		{A9773C6B-53A4-4EDD-818E-EBF5C97DCBFD}.Release|Any CPU.ActiveCfg = Release|Any CPU
		{A9773C6B-53A4-4EDD-818E-EBF5C97DCBFD}.Release|Any CPU.Build.0 = Release|Any CPU
		{A9773C6B-53A4-4EDD-818E-EBF5C97DCBFD}.Release|ARM64.ActiveCfg = Release|Any CPU
		{A9773C6B-53A4-4EDD-818E-EBF5C97DCBFD}.Release|ARM64.Build.0 = Release|Any CPU
		{A9773C6B-53A4-4EDD-818E-EBF5C97DCBFD}.Release|x64.ActiveCfg = Release|Any CPU
		{A9773C6B-53A4-4EDD-818E-EBF5C97DCBFD}.Release|x64.Build.0 = Release|Any CPU
		{A9773C6B-53A4-4EDD-818E-EBF5C97DCBFD}.Release|x86.ActiveCfg = Release|Any CPU
		{A9773C6B-53A4-4EDD-818E-EBF5C97DCBFD}.Release|x86.Build.0 = Release|Any CPU
		{9AEBCFB4-82E4-469F-96D2-C16D2B6B4775}.Debug|Any CPU.ActiveCfg = Debug|Any CPU
		{9AEBCFB4-82E4-469F-96D2-C16D2B6B4775}.Debug|Any CPU.Build.0 = Debug|Any CPU
		{9AEBCFB4-82E4-469F-96D2-C16D2B6B4775}.Debug|ARM64.ActiveCfg = Debug|Any CPU
		{9AEBCFB4-82E4-469F-96D2-C16D2B6B4775}.Debug|ARM64.Build.0 = Debug|Any CPU
		{9AEBCFB4-82E4-469F-96D2-C16D2B6B4775}.Debug|x64.ActiveCfg = Debug|Any CPU
		{9AEBCFB4-82E4-469F-96D2-C16D2B6B4775}.Debug|x64.Build.0 = Debug|Any CPU
		{9AEBCFB4-82E4-469F-96D2-C16D2B6B4775}.Debug|x86.ActiveCfg = Debug|Any CPU
		{9AEBCFB4-82E4-469F-96D2-C16D2B6B4775}.Debug|x86.Build.0 = Debug|Any CPU
		{9AEBCFB4-82E4-469F-96D2-C16D2B6B4775}.Release|Any CPU.ActiveCfg = Release|Any CPU
		{9AEBCFB4-82E4-469F-96D2-C16D2B6B4775}.Release|Any CPU.Build.0 = Release|Any CPU
		{9AEBCFB4-82E4-469F-96D2-C16D2B6B4775}.Release|ARM64.ActiveCfg = Release|Any CPU
		{9AEBCFB4-82E4-469F-96D2-C16D2B6B4775}.Release|ARM64.Build.0 = Release|Any CPU
		{9AEBCFB4-82E4-469F-96D2-C16D2B6B4775}.Release|x64.ActiveCfg = Release|Any CPU
		{9AEBCFB4-82E4-469F-96D2-C16D2B6B4775}.Release|x64.Build.0 = Release|Any CPU
		{9AEBCFB4-82E4-469F-96D2-C16D2B6B4775}.Release|x86.ActiveCfg = Release|Any CPU
		{9AEBCFB4-82E4-469F-96D2-C16D2B6B4775}.Release|x86.Build.0 = Release|Any CPU
		{5F032B23-DB7B-4A43-9293-C1365A942F37}.Debug|Any CPU.ActiveCfg = Debug|Any CPU
		{5F032B23-DB7B-4A43-9293-C1365A942F37}.Debug|Any CPU.Build.0 = Debug|Any CPU
		{5F032B23-DB7B-4A43-9293-C1365A942F37}.Debug|ARM64.ActiveCfg = Debug|ARM64
		{5F032B23-DB7B-4A43-9293-C1365A942F37}.Debug|ARM64.Build.0 = Debug|ARM64
		{5F032B23-DB7B-4A43-9293-C1365A942F37}.Debug|x64.ActiveCfg = Debug|x64
		{5F032B23-DB7B-4A43-9293-C1365A942F37}.Debug|x64.Build.0 = Debug|x64
		{5F032B23-DB7B-4A43-9293-C1365A942F37}.Debug|x86.ActiveCfg = Debug|x86
		{5F032B23-DB7B-4A43-9293-C1365A942F37}.Debug|x86.Build.0 = Debug|x86
		{5F032B23-DB7B-4A43-9293-C1365A942F37}.Release|Any CPU.ActiveCfg = Release|Any CPU
		{5F032B23-DB7B-4A43-9293-C1365A942F37}.Release|Any CPU.Build.0 = Release|Any CPU
		{5F032B23-DB7B-4A43-9293-C1365A942F37}.Release|ARM64.ActiveCfg = Release|ARM64
		{5F032B23-DB7B-4A43-9293-C1365A942F37}.Release|ARM64.Build.0 = Release|ARM64
		{5F032B23-DB7B-4A43-9293-C1365A942F37}.Release|x64.ActiveCfg = Release|x64
		{5F032B23-DB7B-4A43-9293-C1365A942F37}.Release|x64.Build.0 = Release|x64
		{5F032B23-DB7B-4A43-9293-C1365A942F37}.Release|x86.ActiveCfg = Release|x86
		{5F032B23-DB7B-4A43-9293-C1365A942F37}.Release|x86.Build.0 = Release|x86
		{B423B5DF-9A41-4F66-A24C-1551497A149C}.Debug|Any CPU.ActiveCfg = Debug|Any CPU
		{B423B5DF-9A41-4F66-A24C-1551497A149C}.Debug|Any CPU.Build.0 = Debug|Any CPU
		{B423B5DF-9A41-4F66-A24C-1551497A149C}.Debug|ARM64.ActiveCfg = Debug|Any CPU
		{B423B5DF-9A41-4F66-A24C-1551497A149C}.Debug|ARM64.Build.0 = Debug|Any CPU
		{B423B5DF-9A41-4F66-A24C-1551497A149C}.Debug|x64.ActiveCfg = Debug|Any CPU
		{B423B5DF-9A41-4F66-A24C-1551497A149C}.Debug|x64.Build.0 = Debug|Any CPU
		{B423B5DF-9A41-4F66-A24C-1551497A149C}.Debug|x86.ActiveCfg = Debug|Any CPU
		{B423B5DF-9A41-4F66-A24C-1551497A149C}.Debug|x86.Build.0 = Debug|Any CPU
		{B423B5DF-9A41-4F66-A24C-1551497A149C}.Release|Any CPU.ActiveCfg = Release|Any CPU
		{B423B5DF-9A41-4F66-A24C-1551497A149C}.Release|Any CPU.Build.0 = Release|Any CPU
		{B423B5DF-9A41-4F66-A24C-1551497A149C}.Release|ARM64.ActiveCfg = Release|Any CPU
		{B423B5DF-9A41-4F66-A24C-1551497A149C}.Release|ARM64.Build.0 = Release|Any CPU
		{B423B5DF-9A41-4F66-A24C-1551497A149C}.Release|x64.ActiveCfg = Release|Any CPU
		{B423B5DF-9A41-4F66-A24C-1551497A149C}.Release|x64.Build.0 = Release|Any CPU
		{B423B5DF-9A41-4F66-A24C-1551497A149C}.Release|x86.ActiveCfg = Release|Any CPU
		{B423B5DF-9A41-4F66-A24C-1551497A149C}.Release|x86.Build.0 = Release|Any CPU
		{A6C1DBD0-B30C-420C-8A2D-5934EB7793E1}.Debug|Any CPU.ActiveCfg = Debug|Any CPU
		{A6C1DBD0-B30C-420C-8A2D-5934EB7793E1}.Debug|Any CPU.Build.0 = Debug|Any CPU
		{A6C1DBD0-B30C-420C-8A2D-5934EB7793E1}.Debug|ARM64.ActiveCfg = Debug|Any CPU
		{A6C1DBD0-B30C-420C-8A2D-5934EB7793E1}.Debug|ARM64.Build.0 = Debug|Any CPU
		{A6C1DBD0-B30C-420C-8A2D-5934EB7793E1}.Debug|x64.ActiveCfg = Debug|Any CPU
		{A6C1DBD0-B30C-420C-8A2D-5934EB7793E1}.Debug|x64.Build.0 = Debug|Any CPU
		{A6C1DBD0-B30C-420C-8A2D-5934EB7793E1}.Debug|x86.ActiveCfg = Debug|Any CPU
		{A6C1DBD0-B30C-420C-8A2D-5934EB7793E1}.Debug|x86.Build.0 = Debug|Any CPU
		{A6C1DBD0-B30C-420C-8A2D-5934EB7793E1}.Release|Any CPU.ActiveCfg = Release|Any CPU
		{A6C1DBD0-B30C-420C-8A2D-5934EB7793E1}.Release|Any CPU.Build.0 = Release|Any CPU
		{A6C1DBD0-B30C-420C-8A2D-5934EB7793E1}.Release|ARM64.ActiveCfg = Release|Any CPU
		{A6C1DBD0-B30C-420C-8A2D-5934EB7793E1}.Release|ARM64.Build.0 = Release|Any CPU
		{A6C1DBD0-B30C-420C-8A2D-5934EB7793E1}.Release|x64.ActiveCfg = Release|Any CPU
		{A6C1DBD0-B30C-420C-8A2D-5934EB7793E1}.Release|x64.Build.0 = Release|Any CPU
		{A6C1DBD0-B30C-420C-8A2D-5934EB7793E1}.Release|x86.ActiveCfg = Release|Any CPU
		{A6C1DBD0-B30C-420C-8A2D-5934EB7793E1}.Release|x86.Build.0 = Release|Any CPU
	EndGlobalSection
	GlobalSection(SolutionProperties) = preSolution
		HideSolutionNode = FALSE
	EndGlobalSection
	GlobalSection(NestedProjects) = preSolution
		{8D569F07-8AA4-4B42-AE41-5B7E44EF55E5} = {827E0CD3-B72D-47B6-A68D-7590B98EB39B}
		{8403DF66-8A53-4369-AD70-6AAAFEDCF143} = {827E0CD3-B72D-47B6-A68D-7590B98EB39B}
		{8A0207DE-7E6F-4A0D-9249-F5D5E64E0E28} = {827E0CD3-B72D-47B6-A68D-7590B98EB39B}
		{F913AF1F-5416-4950-8860-482E49D4F62B} = {827E0CD3-B72D-47B6-A68D-7590B98EB39B}
		{6F8E9CA1-48AD-425A-9F72-4FE3A95C8480} = {0AB3BF05-4346-4AA6-1389-037BE0695223}
		{A9773C6B-53A4-4EDD-818E-EBF5C97DCBFD} = {0AB3BF05-4346-4AA6-1389-037BE0695223}
		{9AEBCFB4-82E4-469F-96D2-C16D2B6B4775} = {0AB3BF05-4346-4AA6-1389-037BE0695223}
		{5F032B23-DB7B-4A43-9293-C1365A942F37} = {827E0CD3-B72D-47B6-A68D-7590B98EB39B}
		{B423B5DF-9A41-4F66-A24C-1551497A149C} = {0AB3BF05-4346-4AA6-1389-037BE0695223}
		{A6C1DBD0-B30C-420C-8A2D-5934EB7793E1} = {0AB3BF05-4346-4AA6-1389-037BE0695223}
	EndGlobalSection
EndGlobal
